
Microsoft Visual Studio Solution File, Format Version 12.00
# Visual Studio 15
VisualStudioVersion = 15.0.28307.168
MinimumVisualStudioVersion = 10.0.40219.1
Project("{8BC9CEB8-8B4A-11D0-8D11-00A0C91BC942}") = "forstr1", "forstr1\forstr1.vcxproj", "{81006666-702E-4E7D-A779-09F5D2CF311D}"
EndProject
Global
	GlobalSection(SolutionConfigurationPlatforms) = preSolution
		Debug|x64 = Debug|x64
		Debug|x86 = Debug|x86
		Release|x64 = Release|x64
		Release|x86 = Release|x86
	EndGlobalSection
	GlobalSection(ProjectConfigurationPlatforms) = postSolution
		{81006666-702E-4E7D-A779-09F5D2CF311D}.Debug|x64.ActiveCfg = Debug|x64
		{81006666-702E-4E7D-A779-09F5D2CF311D}.Debug|x64.Build.0 = Debug|x64
		{81006666-702E-4E7D-A779-09F5D2CF311D}.Debug|x86.ActiveCfg = Debug|Win32
		{81006666-702E-4E7D-A779-09F5D2CF311D}.Debug|x86.Build.0 = Debug|Win32
		{81006666-702E-4E7D-A779-09F5D2CF311D}.Release|x64.ActiveCfg = Release|x64
		{81006666-702E-4E7D-A779-09F5D2CF311D}.Release|x64.Build.0 = Release|x64
		{81006666-702E-4E7D-A779-09F5D2CF311D}.Release|x86.ActiveCfg = Release|Win32
		{81006666-702E-4E7D-A779-09F5D2CF311D}.Release|x86.Build.0 = Release|Win32
	EndGlobalSection
	GlobalSection(SolutionProperties) = preSolution
		HideSolutionNode = FALSE
	EndGlobalSection
	GlobalSection(ExtensibilityGlobals) = postSolution
		SolutionGuid = {B1219DDC-CED8-43EA-ADCA-7CF3FFC5C069}
	EndGlobalSection
EndGlobal
